{
  "name": "sscopy",
  "version": "1.0.0",
  "lockfileVersion": 1,
  "requires": true,
  "dependencies": {
    "diskinfo": {
      "version": "0.0.3",
      "resolved": "https://registry.npmjs.org/diskinfo/-/diskinfo-0.0.3.tgz",
      "integrity": "sha1-DUEDDwnTO1yXWRC8mrL9TZj2K/A=",
      "dev": true
    }
  }
}
